
Microsoft Visual Studio Solution File, Format Version 12.00
# Visual Studio Version 17
VisualStudioVersion = 17.14.36915.13 d17.14
MinimumVisualStudioVersion = 10.0.40219.1
Project("{FAE04EC0-301F-11D3-BF4B-00C04F79EFBC}") = "cyberforce_poe", "cyberforce_poe.csproj", "{2E46980D-15D3-415F-8826-33A062E2A48C}"
EndProject
Global
	GlobalSection(SolutionConfigurationPlatforms) = preSolution
		Debug|Any CPU = Debug|Any CPU
		Release|Any CPU = Release|Any CPU
	EndGlobalSection
	GlobalSection(ProjectConfigurationPlatforms) = postSolution
		{2E46980D-15D3-415F-8826-33A062E2A48C}.Debug|Any CPU.ActiveCfg = Debug|Any CPU
		{2E46980D-15D3-415F-8826-33A062E2A48C}.Debug|Any CPU.Build.0 = Debug|Any CPU
		{2E46980D-15D3-415F-8826-33A062E2A48C}.Release|Any CPU.ActiveCfg = Release|Any CPU
		{2E46980D-15D3-415F-8826-33A062E2A48C}.Release|Any CPU.Build.0 = Release|Any CPU
	EndGlobalSection
	GlobalSection(SolutionProperties) = preSolution
		HideSolutionNode = FALSE
	EndGlobalSection
	GlobalSection(ExtensibilityGlobals) = postSolution
		SolutionGuid = {6FFAB326-5E34-4BD1-A5FF-970774202E2F}
	EndGlobalSection
EndGlobal
